
Microsoft Visual Studio Solution File, Format Version 12.00
# Visual Studio Version 17
VisualStudioVersion = 17.9.34701.34
MinimumVisualStudioVersion = 10.0.40219.1
Project("{8BC9CEB8-8B4A-11D0-8D11-00A0C91BC942}") = "ClientApp", "ClientApp\ClientApp.vcxproj", "{9535F092-36AB-4647-9BFC-EE35EB3A5998}"
	ProjectSection(ProjectDependencies) = postProject
		{2B67053F-2C09-4BC3-8FB0-2907D3209C5E} = {2B67053F-2C09-4BC3-8FB0-2907D3209C5E}
		{623F9A9E-C814-467E-8711-AC73872DF97E} = {623F9A9E-C814-467E-8711-AC73872DF97E}
		{D4121A03-3900-44DC-AAC3-D470ED6D03F4} = {D4121A03-3900-44DC-AAC3-D470ED6D03F4}
	EndProjectSection
EndProject
Project("{8BC9CEB8-8B4A-11D0-8D11-00A0C91BC942}") = "Application", "Application\Application.vcxproj", "{DF86E222-4911-49BB-854D-DFA708069F91}"
	ProjectSection(ProjectDependencies) = postProject
		{04060584-485A-465A-9603-100481B3DBB4} = {04060584-485A-465A-9603-100481B3DBB4}
		{58CAF799-57E2-4526-B0A8-CCC79CF3B4E2} = {58CAF799-57E2-4526-B0A8-CCC79CF3B4E2}
		{F04709CC-B684-4D89-BB16-D5DA95EFB02B} = {F04709CC-B684-4D89-BB16-D5DA95EFB02B}
	EndProjectSection
EndProject
Project("{8BC9CEB8-8B4A-11D0-8D11-00A0C91BC942}") = "Database", "Database\Database.vcxproj", "{F04709CC-B684-4D89-BB16-D5DA95EFB02B}"
	ProjectSection(ProjectDependencies) = postProject
		{04060584-485A-465A-9603-100481B3DBB4} = {04060584-485A-465A-9603-100481B3DBB4}
		{58CAF799-57E2-4526-B0A8-CCC79CF3B4E2} = {58CAF799-57E2-4526-B0A8-CCC79CF3B4E2}
	EndProjectSection
EndProject
Project("{8BC9CEB8-8B4A-11D0-8D11-00A0C91BC942}") = "Core", "Core\Core.vcxproj", "{04060584-485A-465A-9603-100481B3DBB4}"
EndProject
Project("{8BC9CEB8-8B4A-11D0-8D11-00A0C91BC942}") = "Document", "Document\Document.vcxproj", "{D4121A03-3900-44DC-AAC3-D470ED6D03F4}"
	ProjectSection(ProjectDependencies) = postProject
		{04060584-485A-465A-9603-100481B3DBB4} = {04060584-485A-465A-9603-100481B3DBB4}
		{58CAF799-57E2-4526-B0A8-CCC79CF3B4E2} = {58CAF799-57E2-4526-B0A8-CCC79CF3B4E2}
		{DF86E222-4911-49BB-854D-DFA708069F91} = {DF86E222-4911-49BB-854D-DFA708069F91}
	EndProjectSection
EndProject
Project("{8BC9CEB8-8B4A-11D0-8D11-00A0C91BC942}") = "UIView", "UIView\UIView.vcxproj", "{623F9A9E-C814-467E-8711-AC73872DF97E}"
	ProjectSection(ProjectDependencies) = postProject
		{04060584-485A-465A-9603-100481B3DBB4} = {04060584-485A-465A-9603-100481B3DBB4}
		{2B67053F-2C09-4BC3-8FB0-2907D3209C5E} = {2B67053F-2C09-4BC3-8FB0-2907D3209C5E}
		{58CAF799-57E2-4526-B0A8-CCC79CF3B4E2} = {58CAF799-57E2-4526-B0A8-CCC79CF3B4E2}
		{D4121A03-3900-44DC-AAC3-D470ED6D03F4} = {D4121A03-3900-44DC-AAC3-D470ED6D03F4}
	EndProjectSection
EndProject
Project("{8BC9CEB8-8B4A-11D0-8D11-00A0C91BC942}") = "UIDialog", "UIDialog\UIDialog.vcxproj", "{2B67053F-2C09-4BC3-8FB0-2907D3209C5E}"
	ProjectSection(ProjectDependencies) = postProject
		{04060584-485A-465A-9603-100481B3DBB4} = {04060584-485A-465A-9603-100481B3DBB4}
		{58CAF799-57E2-4526-B0A8-CCC79CF3B4E2} = {58CAF799-57E2-4526-B0A8-CCC79CF3B4E2}
	EndProjectSection
EndProject
Project("{8BC9CEB8-8B4A-11D0-8D11-00A0C91BC942}") = "Domain", "Domain\Domain.vcxproj", "{58CAF799-57E2-4526-B0A8-CCC79CF3B4E2}"
	ProjectSection(ProjectDependencies) = postProject
		{04060584-485A-465A-9603-100481B3DBB4} = {04060584-485A-465A-9603-100481B3DBB4}
	EndProjectSection
EndProject
Project("{2150E333-8FDC-42A3-9474-1A3956D46DE8}") = "Solution Items", "Solution Items", "{FCBF418C-BCEF-40E5-954C-F87832879A76}"
	ProjectSection(SolutionItems) = preProject
		CSoftInternshipProject.md = CSoftInternshipProject.md
		SampleClass.h = SampleClass.h
		SampleClass.cpp = SampleClass.cpp
	EndProjectSection
EndProject
Global
	GlobalSection(SolutionConfigurationPlatforms) = preSolution
		Debug|x64 = Debug|x64
		Debug|x86 = Debug|x86
		Release|x64 = Release|x64
		Release|x86 = Release|x86
	EndGlobalSection
	GlobalSection(ProjectConfigurationPlatforms) = postSolution
		{9535F092-36AB-4647-9BFC-EE35EB3A5998}.Debug|x64.ActiveCfg = Debug|x64
		{9535F092-36AB-4647-9BFC-EE35EB3A5998}.Debug|x64.Build.0 = Debug|x64
		{9535F092-36AB-4647-9BFC-EE35EB3A5998}.Debug|x86.ActiveCfg = Debug|Win32
		{9535F092-36AB-4647-9BFC-EE35EB3A5998}.Debug|x86.Build.0 = Debug|Win32
		{9535F092-36AB-4647-9BFC-EE35EB3A5998}.Release|x64.ActiveCfg = Release|x64
		{9535F092-36AB-4647-9BFC-EE35EB3A5998}.Release|x64.Build.0 = Release|x64
		{9535F092-36AB-4647-9BFC-EE35EB3A5998}.Release|x86.ActiveCfg = Release|Win32
		{9535F092-36AB-4647-9BFC-EE35EB3A5998}.Release|x86.Build.0 = Release|Win32
		{DF86E222-4911-49BB-854D-DFA708069F91}.Debug|x64.ActiveCfg = Debug|x64
		{DF86E222-4911-49BB-854D-DFA708069F91}.Debug|x64.Build.0 = Debug|x64
		{DF86E222-4911-49BB-854D-DFA708069F91}.Debug|x86.ActiveCfg = Debug|Win32
		{DF86E222-4911-49BB-854D-DFA708069F91}.Debug|x86.Build.0 = Debug|Win32
		{DF86E222-4911-49BB-854D-DFA708069F91}.Release|x64.ActiveCfg = Release|x64
		{DF86E222-4911-49BB-854D-DFA708069F91}.Release|x64.Build.0 = Release|x64
		{DF86E222-4911-49BB-854D-DFA708069F91}.Release|x86.ActiveCfg = Release|Win32
		{DF86E222-4911-49BB-854D-DFA708069F91}.Release|x86.Build.0 = Release|Win32
		{F04709CC-B684-4D89-BB16-D5DA95EFB02B}.Debug|x64.ActiveCfg = Debug|x64
		{F04709CC-B684-4D89-BB16-D5DA95EFB02B}.Debug|x64.Build.0 = Debug|x64
		{F04709CC-B684-4D89-BB16-D5DA95EFB02B}.Debug|x86.ActiveCfg = Debug|Win32
		{F04709CC-B684-4D89-BB16-D5DA95EFB02B}.Debug|x86.Build.0 = Debug|Win32
		{F04709CC-B684-4D89-BB16-D5DA95EFB02B}.Release|x64.ActiveCfg = Release|x64
		{F04709CC-B684-4D89-BB16-D5DA95EFB02B}.Release|x64.Build.0 = Release|x64
		{F04709CC-B684-4D89-BB16-D5DA95EFB02B}.Release|x86.ActiveCfg = Release|Win32
		{F04709CC-B684-4D89-BB16-D5DA95EFB02B}.Release|x86.Build.0 = Release|Win32
		{04060584-485A-465A-9603-100481B3DBB4}.Debug|x64.ActiveCfg = Debug|x64
		{04060584-485A-465A-9603-100481B3DBB4}.Debug|x64.Build.0 = Debug|x64
		{04060584-485A-465A-9603-100481B3DBB4}.Debug|x86.ActiveCfg = Debug|Win32
		{04060584-485A-465A-9603-100481B3DBB4}.Debug|x86.Build.0 = Debug|Win32
		{04060584-485A-465A-9603-100481B3DBB4}.Release|x64.ActiveCfg = Release|x64
		{04060584-485A-465A-9603-100481B3DBB4}.Release|x64.Build.0 = Release|x64
		{04060584-485A-465A-9603-100481B3DBB4}.Release|x86.ActiveCfg = Release|Win32
		{04060584-485A-465A-9603-100481B3DBB4}.Release|x86.Build.0 = Release|Win32
		{D4121A03-3900-44DC-AAC3-D470ED6D03F4}.Debug|x64.ActiveCfg = Debug|x64
		{D4121A03-3900-44DC-AAC3-D470ED6D03F4}.Debug|x64.Build.0 = Debug|x64
		{D4121A03-3900-44DC-AAC3-D470ED6D03F4}.Debug|x86.ActiveCfg = Debug|Win32
		{D4121A03-3900-44DC-AAC3-D470ED6D03F4}.Debug|x86.Build.0 = Debug|Win32
		{D4121A03-3900-44DC-AAC3-D470ED6D03F4}.Release|x64.ActiveCfg = Release|x64
		{D4121A03-3900-44DC-AAC3-D470ED6D03F4}.Release|x64.Build.0 = Release|x64
		{D4121A03-3900-44DC-AAC3-D470ED6D03F4}.Release|x86.ActiveCfg = Release|Win32
		{D4121A03-3900-44DC-AAC3-D470ED6D03F4}.Release|x86.Build.0 = Release|Win32
		{623F9A9E-C814-467E-8711-AC73872DF97E}.Debug|x64.ActiveCfg = Debug|x64
		{623F9A9E-C814-467E-8711-AC73872DF97E}.Debug|x64.Build.0 = Debug|x64
		{623F9A9E-C814-467E-8711-AC73872DF97E}.Debug|x86.ActiveCfg = Debug|Win32
		{623F9A9E-C814-467E-8711-AC73872DF97E}.Debug|x86.Build.0 = Debug|Win32
		{623F9A9E-C814-467E-8711-AC73872DF97E}.Release|x64.ActiveCfg = Release|x64
		{623F9A9E-C814-467E-8711-AC73872DF97E}.Release|x64.Build.0 = Release|x64
		{623F9A9E-C814-467E-8711-AC73872DF97E}.Release|x86.ActiveCfg = Release|Win32
		{623F9A9E-C814-467E-8711-AC73872DF97E}.Release|x86.Build.0 = Release|Win32
		{2B67053F-2C09-4BC3-8FB0-2907D3209C5E}.Debug|x64.ActiveCfg = Debug|x64
		{2B67053F-2C09-4BC3-8FB0-2907D3209C5E}.Debug|x64.Build.0 = Debug|x64
		{2B67053F-2C09-4BC3-8FB0-2907D3209C5E}.Debug|x86.ActiveCfg = Debug|Win32
		{2B67053F-2C09-4BC3-8FB0-2907D3209C5E}.Debug|x86.Build.0 = Debug|Win32
		{2B67053F-2C09-4BC3-8FB0-2907D3209C5E}.Release|x64.ActiveCfg = Release|x64
		{2B67053F-2C09-4BC3-8FB0-2907D3209C5E}.Release|x64.Build.0 = Release|x64
		{2B67053F-2C09-4BC3-8FB0-2907D3209C5E}.Release|x86.ActiveCfg = Release|Win32
		{2B67053F-2C09-4BC3-8FB0-2907D3209C5E}.Release|x86.Build.0 = Release|Win32
		{58CAF799-57E2-4526-B0A8-CCC79CF3B4E2}.Debug|x64.ActiveCfg = Debug|x64
		{58CAF799-57E2-4526-B0A8-CCC79CF3B4E2}.Debug|x64.Build.0 = Debug|x64
		{58CAF799-57E2-4526-B0A8-CCC79CF3B4E2}.Debug|x86.ActiveCfg = Debug|Win32
		{58CAF799-57E2-4526-B0A8-CCC79CF3B4E2}.Debug|x86.Build.0 = Debug|Win32
		{58CAF799-57E2-4526-B0A8-CCC79CF3B4E2}.Release|x64.ActiveCfg = Release|x64
		{58CAF799-57E2-4526-B0A8-CCC79CF3B4E2}.Release|x64.Build.0 = Release|x64
		{58CAF799-57E2-4526-B0A8-CCC79CF3B4E2}.Release|x86.ActiveCfg = Release|Win32
		{58CAF799-57E2-4526-B0A8-CCC79CF3B4E2}.Release|x86.Build.0 = Release|Win32
	EndGlobalSection
	GlobalSection(SolutionProperties) = preSolution
		HideSolutionNode = FALSE
	EndGlobalSection
	GlobalSection(ExtensibilityGlobals) = postSolution
		SolutionGuid = {081E4A8E-A038-4258-B1D8-09B8F348688F}
	EndGlobalSection
EndGlobal
