<?xml version="1.0" encoding="utf-8"?>
<Project ToolsVersion="4.0" xmlns="http://schemas.microsoft.com/developer/msbuild/2003">
  <ItemGroup>
    <Filter Include="Source Files">
      <UniqueIdentifier>{4FC737F1-C7A5-4376-A066-2A32D752A2FF}</UniqueIdentifier>
      <Extensions>cpp;c;cc;cxx;c++;cppm;ixx;def;odl;idl;hpj;bat;asm;asmx</Extensions>
    </Filter>
    <Filter Include="Header Files">
      <UniqueIdentifier>{93995380-89BD-4b04-88EB-625FBE52EBFB}</UniqueIdentifier>
      <Extensions>h;hh;hpp;hxx;h++;hm;inl;inc;ipp;xsd</Extensions>
    </Filter>
    <Filter Include="Resource Files">
      <UniqueIdentifier>{67DA6AB6-F800-4c08-8B7A-83BB121AAD01}</UniqueIdentifier>
      <Extensions>rc;ico;cur;bmp;dlg;rc2;rct;bin;rgs;gif;jpg;jpeg;jpe;resx;tiff;tif;png;wav;mfcribbon-ms</Extensions>
    </Filter>
    <Filter Include="Header Files\Accessors">
      <UniqueIdentifier>{57a8a3fa-ccd0-4d5c-8a39-0c8bd8d6826b}</UniqueIdentifier>
    </Filter>
    <Filter Include="Header Files\Tables">
      <UniqueIdentifier>{8918c5d8-e0f4-4a97-b881-40472c0131b9}</UniqueIdentifier>
    </Filter>
  </ItemGroup>
  <ItemGroup>
    <ClCompile Include="Database.cpp">
      <Filter>Source Files</Filter>
    </ClCompile>
    <ClCompile Include="pch.cpp">
      <Filter>Source Files</Filter>
    </ClCompile>
    <ClCompile Include="DataSourceConnection.cpp">
      <Filter>Source Files</Filter>
    </ClCompile>
  </ItemGroup>
  <ItemGroup>
    <None Include="Database.def">
      <Filter>Source Files</Filter>
    </None>
    <None Include="res\Database.rc2">
      <Filter>Resource Files</Filter>
    </None>
  </ItemGroup>
  <ItemGroup>
    <ClInclude Include="framework.h">
      <Filter>Header Files</Filter>
    </ClInclude>
    <ClInclude Include="targetver.h">
      <Filter>Header Files</Filter>
    </ClInclude>
    <ClInclude Include="Resource.h">
      <Filter>Header Files</Filter>
    </ClInclude>
    <ClInclude Include="Database.h">
      <Filter>Header Files</Filter>
    </ClInclude>
    <ClInclude Include="pch.h">
      <Filter>Header Files</Filter>
    </ClInclude>
    <ClInclude Include="DataSourceConnection.h">
      <Filter>Header Files</Filter>
    </ClInclude>
    <ClInclude Include="CGenericAccessor.h">
      <Filter>Header Files\Accessors</Filter>
    </ClInclude>
    <ClInclude Include="CProjectsAccessor.h">
      <Filter>Header Files\Accessors</Filter>
    </ClInclude>
    <ClInclude Include="CTasksAccessor.h">
      <Filter>Header Files\Accessors</Filter>
    </ClInclude>
    <ClInclude Include="CUsersAccessor.h">
      <Filter>Header Files\Accessors</Filter>
    </ClInclude>
    <ClInclude Include="CGenericTable.h">
      <Filter>Header Files\Tables</Filter>
    </ClInclude>
    <ClInclude Include="CProjectsTable.h">
      <Filter>Header Files\Tables</Filter>
    </ClInclude>
    <ClInclude Include="CTasksTable.h">
      <Filter>Header Files\Tables</Filter>
    </ClInclude>
    <ClInclude Include="CUsersTable.h">
      <Filter>Header Files\Tables</Filter>
    </ClInclude>
  </ItemGroup>
  <ItemGroup>
    <ResourceCompile Include="Database.rc">
      <Filter>Resource Files</Filter>
    </ResourceCompile>
  </ItemGroup>
</Project>